
Microsoft Visual Studio Solution File, Format Version 12.00
# Visual Studio 15
VisualStudioVersion = 15.0.27004.2002
MinimumVisualStudioVersion = 10.0.40219.1
Project("{FAE04EC0-301F-11D3-BF4B-00C04F79EFBC}") = "RabbitCommunications", "RabbitCommunications\RabbitCommunications.csproj", "{11502C60-4C40-473C-9229-7937D1AEAC2B}"
EndProject
Global
	GlobalSection(SolutionConfigurationPlatforms) = preSolution
		Debug|Any CPU = Debug|Any CPU
		Release|Any CPU = Release|Any CPU
	EndGlobalSection
	GlobalSection(ProjectConfigurationPlatforms) = postSolution
		{11502C60-4C40-473C-9229-7937D1AEAC2B}.Debug|Any CPU.ActiveCfg = Debug|Any CPU
		{11502C60-4C40-473C-9229-7937D1AEAC2B}.Debug|Any CPU.Build.0 = Debug|Any CPU
		{11502C60-4C40-473C-9229-7937D1AEAC2B}.Release|Any CPU.ActiveCfg = Release|Any CPU
		{11502C60-4C40-473C-9229-7937D1AEAC2B}.Release|Any CPU.Build.0 = Release|Any CPU
	EndGlobalSection
	GlobalSection(SolutionProperties) = preSolution
		HideSolutionNode = FALSE
	EndGlobalSection
	GlobalSection(ExtensibilityGlobals) = postSolution
		SolutionGuid = {3A59B477-07E1-4780-B164-ED10585F445B}
	EndGlobalSection
EndGlobal
