
Microsoft Visual Studio Solution File, Format Version 12.00
# Visual Studio 15
VisualStudioVersion = 15.0.27004.2002
MinimumVisualStudioVersion = 10.0.40219.1
Project("{FAE04EC0-301F-11D3-BF4B-00C04F79EFBC}") = "EventService", "EventService\EventService.csproj", "{293604BE-C41C-4A3D-957C-51EA6557BADA}"
EndProject
Global
	GlobalSection(SolutionConfigurationPlatforms) = preSolution
		Debug|Any CPU = Debug|Any CPU
		Release|Any CPU = Release|Any CPU
	EndGlobalSection
	GlobalSection(ProjectConfigurationPlatforms) = postSolution
		{293604BE-C41C-4A3D-957C-51EA6557BADA}.Debug|Any CPU.ActiveCfg = Debug|Any CPU
		{293604BE-C41C-4A3D-957C-51EA6557BADA}.Debug|Any CPU.Build.0 = Debug|Any CPU
		{293604BE-C41C-4A3D-957C-51EA6557BADA}.Release|Any CPU.ActiveCfg = Release|Any CPU
		{293604BE-C41C-4A3D-957C-51EA6557BADA}.Release|Any CPU.Build.0 = Release|Any CPU
	EndGlobalSection
	GlobalSection(SolutionProperties) = preSolution
		HideSolutionNode = FALSE
	EndGlobalSection
	GlobalSection(ExtensibilityGlobals) = postSolution
		SolutionGuid = {E08F1C85-5795-4C21-A3DF-3925D8DCD99F}
	EndGlobalSection
EndGlobal
