
Microsoft Visual Studio Solution File, Format Version 12.00
# Visual Studio 15
VisualStudioVersion = 15.0.27004.2002
MinimumVisualStudioVersion = 10.0.40219.1
Project("{FAE04EC0-301F-11D3-BF4B-00C04F79EFBC}") = "TransactionService", "TransactionService\TransactionService.csproj", "{16175245-2F7A-4539-9797-9199A4638950}"
EndProject
Global
	GlobalSection(SolutionConfigurationPlatforms) = preSolution
		Debug|Any CPU = Debug|Any CPU
		Release|Any CPU = Release|Any CPU
	EndGlobalSection
	GlobalSection(ProjectConfigurationPlatforms) = postSolution
		{16175245-2F7A-4539-9797-9199A4638950}.Debug|Any CPU.ActiveCfg = Debug|Any CPU
		{16175245-2F7A-4539-9797-9199A4638950}.Debug|Any CPU.Build.0 = Debug|Any CPU
		{16175245-2F7A-4539-9797-9199A4638950}.Release|Any CPU.ActiveCfg = Release|Any CPU
		{16175245-2F7A-4539-9797-9199A4638950}.Release|Any CPU.Build.0 = Release|Any CPU
	EndGlobalSection
	GlobalSection(SolutionProperties) = preSolution
		HideSolutionNode = FALSE
	EndGlobalSection
	GlobalSection(ExtensibilityGlobals) = postSolution
		SolutionGuid = {880C39FC-FA25-4E6F-95B8-9B9A0A7DFD49}
	EndGlobalSection
EndGlobal
